
Microsoft Visual Studio Solution File, Format Version 12.00
# Visual Studio Version 16
VisualStudioVersion = 16.0.28407.52
MinimumVisualStudioVersion = 10.0.40219.1
Project("{8BC9CEB8-8B4A-11D0-8D11-00A0C91BC942}") = "vvvsample", "samples\vvvsample\vvvsample.vcxproj", "{4F99D866-93BF-4731-9031-2D783763AB53}"
EndProject
Project("{8BC9CEB8-8B4A-11D0-8D11-00A0C91BC942}") = "msf", "include\msf\msf.vcxitems", "{C6AA1388-D5F6-48AE-8B1E-7207D9A71C8A}"
EndProject
Project("{2150E333-8FDC-42A3-9474-1A3956D46DE8}") = "Solution Items", "Solution Items", "{A931BB65-8220-49A1-9576-FF587FA23042}"
	ProjectSection(SolutionItems) = preProject
		.editorconfig = .editorconfig
		cpp.hint = cpp.hint
		default.ruleset = default.ruleset
		default.ruleset.md = default.ruleset.md
		Directory.Build.props = Directory.Build.props
		README.md = README.md
	EndProjectSection
EndProject
Project("{8BC9CEB8-8B4A-11D0-8D11-00A0C91BC942}") = "DiskCleanupSample", "samples\DiskCleanupSample\DiskCleanupSample.vcxproj", "{3634C2B5-565F-48E7-8C57-FA3C0F4902B1}"
EndProject
Project("{8BC9CEB8-8B4A-11D0-8D11-00A0C91BC942}") = "tests", "tests\tests.vcxproj", "{1DF37E2B-FBA7-4425-8FE6-A3CEE9944877}"
EndProject
Global
	GlobalSection(SharedMSBuildProjectFiles) = preSolution
		include\msf\msf.vcxitems*{3634c2b5-565f-48e7-8c57-fa3c0f4902b1}*SharedItemsImports = 4
		include\msf\msf.vcxitems*{4f99d866-93bf-4731-9031-2d783763ab53}*SharedItemsImports = 4
		include\msf\msf.vcxitems*{c6aa1388-d5f6-48ae-8b1e-7207d9a71c8a}*SharedItemsImports = 9
	EndGlobalSection
	GlobalSection(SolutionConfigurationPlatforms) = preSolution
		Checked|x64 = Checked|x64
		Checked|x86 = Checked|x86
		Debug|x64 = Debug|x64
		Debug|x86 = Debug|x86
		Release|x64 = Release|x64
		Release|x86 = Release|x86
	EndGlobalSection
	GlobalSection(ProjectConfigurationPlatforms) = postSolution
		{4F99D866-93BF-4731-9031-2D783763AB53}.Checked|x64.ActiveCfg = Checked|x64
		{4F99D866-93BF-4731-9031-2D783763AB53}.Checked|x64.Build.0 = Checked|x64
		{4F99D866-93BF-4731-9031-2D783763AB53}.Checked|x86.ActiveCfg = Checked|Win32
		{4F99D866-93BF-4731-9031-2D783763AB53}.Checked|x86.Build.0 = Checked|Win32
		{4F99D866-93BF-4731-9031-2D783763AB53}.Debug|x64.ActiveCfg = Debug|x64
		{4F99D866-93BF-4731-9031-2D783763AB53}.Debug|x64.Build.0 = Debug|x64
		{4F99D866-93BF-4731-9031-2D783763AB53}.Debug|x86.ActiveCfg = Debug|Win32
		{4F99D866-93BF-4731-9031-2D783763AB53}.Debug|x86.Build.0 = Debug|Win32
		{4F99D866-93BF-4731-9031-2D783763AB53}.Release|x64.ActiveCfg = Release|x64
		{4F99D866-93BF-4731-9031-2D783763AB53}.Release|x64.Build.0 = Release|x64
		{4F99D866-93BF-4731-9031-2D783763AB53}.Release|x86.ActiveCfg = Release|Win32
		{4F99D866-93BF-4731-9031-2D783763AB53}.Release|x86.Build.0 = Release|Win32
		{3634C2B5-565F-48E7-8C57-FA3C0F4902B1}.Checked|x64.ActiveCfg = Checked|x64
		{3634C2B5-565F-48E7-8C57-FA3C0F4902B1}.Checked|x64.Build.0 = Checked|x64
		{3634C2B5-565F-48E7-8C57-FA3C0F4902B1}.Checked|x86.ActiveCfg = Checked|Win32
		{3634C2B5-565F-48E7-8C57-FA3C0F4902B1}.Checked|x86.Build.0 = Checked|Win32
		{3634C2B5-565F-48E7-8C57-FA3C0F4902B1}.Debug|x64.ActiveCfg = Debug|x64
		{3634C2B5-565F-48E7-8C57-FA3C0F4902B1}.Debug|x64.Build.0 = Debug|x64
		{3634C2B5-565F-48E7-8C57-FA3C0F4902B1}.Debug|x86.ActiveCfg = Debug|Win32
		{3634C2B5-565F-48E7-8C57-FA3C0F4902B1}.Debug|x86.Build.0 = Debug|Win32
		{3634C2B5-565F-48E7-8C57-FA3C0F4902B1}.Release|x64.ActiveCfg = Release|x64
		{3634C2B5-565F-48E7-8C57-FA3C0F4902B1}.Release|x64.Build.0 = Release|x64
		{3634C2B5-565F-48E7-8C57-FA3C0F4902B1}.Release|x86.ActiveCfg = Release|Win32
		{3634C2B5-565F-48E7-8C57-FA3C0F4902B1}.Release|x86.Build.0 = Release|Win32
		{1DF37E2B-FBA7-4425-8FE6-A3CEE9944877}.Checked|x64.ActiveCfg = Checked|x64
		{1DF37E2B-FBA7-4425-8FE6-A3CEE9944877}.Checked|x64.Build.0 = Checked|x64
		{1DF37E2B-FBA7-4425-8FE6-A3CEE9944877}.Checked|x86.ActiveCfg = Checked|Win32
		{1DF37E2B-FBA7-4425-8FE6-A3CEE9944877}.Checked|x86.Build.0 = Checked|Win32
		{1DF37E2B-FBA7-4425-8FE6-A3CEE9944877}.Debug|x64.ActiveCfg = Debug|x64
		{1DF37E2B-FBA7-4425-8FE6-A3CEE9944877}.Debug|x64.Build.0 = Debug|x64
		{1DF37E2B-FBA7-4425-8FE6-A3CEE9944877}.Debug|x86.ActiveCfg = Debug|Win32
		{1DF37E2B-FBA7-4425-8FE6-A3CEE9944877}.Debug|x86.Build.0 = Debug|Win32
		{1DF37E2B-FBA7-4425-8FE6-A3CEE9944877}.Release|x64.ActiveCfg = Release|x64
		{1DF37E2B-FBA7-4425-8FE6-A3CEE9944877}.Release|x64.Build.0 = Release|x64
		{1DF37E2B-FBA7-4425-8FE6-A3CEE9944877}.Release|x86.ActiveCfg = Release|Win32
		{1DF37E2B-FBA7-4425-8FE6-A3CEE9944877}.Release|x86.Build.0 = Release|Win32
	EndGlobalSection
	GlobalSection(SolutionProperties) = preSolution
		HideSolutionNode = FALSE
	EndGlobalSection
	GlobalSection(ExtensibilityGlobals) = postSolution
		        SolutionGuid = {275E6426-CA41-4BF4-8EAF-3AAEA3B4E80E}
		SolutionGuid = {55525444-7D72-45A1-B8F0-08F066B60B23}
	EndGlobalSection
EndGlobal
