<?xml version="1.0" encoding="utf-8"?>
<Project ToolsVersion="4.0" xmlns="http://schemas.microsoft.com/developer/msbuild/2003">
  <ItemGroup>
    <CustomBuild Include="include\shell32missing.def" />
  </ItemGroup>
  <ItemGroup>
    <None Include="include\browserhelperobject.rgs" />
    <None Include="include\columnprovider.rgs" />
    <None Include="include\contextmenu.rgs" />
    <None Include="include\contextmenu_sf.rgs" />
    <None Include="include\copyhookfolder.rgs" />
    <None Include="include\extension.rgs" />
    <None Include="include\extractimage_sf.rgs" />
    <None Include="include\infotip.rgs" />
    <None Include="include\infotip_sf.rgs" />
    <None Include="include\propertysheetext.rgs" />
    <None Include="include\propertysheetext_sf.rgs" />
    <None Include="include\shellfolder.rgs" />
    <None Include="include\shellfoldervista.rgs" />
    <None Include="include\shellfolderwin98.rgs" />
    <None Include="readme.txt" />
    <None Include="Undocumented Shell Interfaces.reg" />
    <None Include="Undocumented Shell Interfaces Windows 8.reg" />
  </ItemGroup>
  <ItemGroup>
    <ClInclude Include="include\shellviewimpl.h" />
    <ClInclude Include="include\browserframeoptionsimpl.h">
      <Filter>Header Files</Filter>
    </ClInclude>
    <ClInclude Include="include\browserhelperobjectimpl.h">
      <Filter>Header Files</Filter>
    </ClInclude>
    <ClInclude Include="include\catchhandler.h">
      <Filter>Header Files</Filter>
    </ClInclude>
    <ClInclude Include="include\cfeffect.h">
      <Filter>Header Files</Filter>
    </ClInclude>
    <ClInclude Include="include\cfhandler.h">
      <Filter>Header Files</Filter>
    </ClInclude>
    <ClInclude Include="include\cfhdrop.h">
      <Filter>Header Files</Filter>
    </ClInclude>
    <ClInclude Include="include\cfpastesucceeded.h">
      <Filter>Header Files</Filter>
    </ClInclude>
    <ClInclude Include="include\cfperformeddropeffect.h">
      <Filter>Header Files</Filter>
    </ClInclude>
    <ClInclude Include="include\cfperformeddropeffecthandler.h">
      <Filter>Header Files</Filter>
    </ClInclude>
    <ClInclude Include="include\cfpreferreddropeffect.h">
      <Filter>Header Files</Filter>
    </ClInclude>
    <ClInclude Include="include\cfshellidlist.h">
      <Filter>Header Files</Filter>
    </ClInclude>
    <ClInclude Include="include\cfshellidlisthandler.h">
      <Filter>Header Files</Filter>
    </ClInclude>
    <ClInclude Include="include\cftargetclsid.h">
      <Filter>Header Files</Filter>
    </ClInclude>
    <ClInclude Include="include\clipboarddataobjectimpl.h">
      <Filter>Header Files</Filter>
    </ClInclude>
    <ClInclude Include="include\coinitialize.h">
      <Filter>Header Files</Filter>
    </ClInclude>
    <ClInclude Include="include\columnproviderimpl.h">
      <Filter>Header Files</Filter>
    </ClInclude>
    <ClInclude Include="include\columnproviderptr.h">
      <Filter>Header Files</Filter>
    </ClInclude>
    <ClInclude Include="include\contextcommand.h">
      <Filter>Header Files</Filter>
    </ClInclude>
    <ClInclude Include="include\copyhookimpl.h">
      <Filter>Header Files</Filter>
    </ClInclude>
    <ClInclude Include="include\custommenuhandler.h">
      <Filter>Header Files</Filter>
    </ClInclude>
    <ClInclude Include="include\dataobjectptr.h">
      <Filter>Header Files</Filter>
    </ClInclude>
    <ClInclude Include="include\defview.h">
      <Filter>Header Files</Filter>
    </ClInclude>
    <ClInclude Include="include\dfmdefines.h">
      <Filter>Header Files</Filter>
    </ClInclude>
    <ClInclude Include="include\enumformatetc.h">
      <Filter>Header Files</Filter>
    </ClInclude>
    <ClInclude Include="include\enumformatetcptr.h">
      <Filter>Header Files</Filter>
    </ClInclude>
    <ClInclude Include="include\enumidlistimpl.h">
      <Filter>Header Files</Filter>
    </ClInclude>
    <ClInclude Include="include\enumidlistptr.h">
      <Filter>Header Files</Filter>
    </ClInclude>
    <ClInclude Include="include\extracticon.h">
      <Filter>Header Files</Filter>
    </ClInclude>
    <ClInclude Include="include\extractimageimpl.h">
      <Filter>Header Files</Filter>
    </ClInclude>
    <ClInclude Include="include\filelist.h">
      <Filter>Header Files</Filter>
    </ClInclude>
    <ClInclude Include="include\formatetc.h">
      <Filter>Header Files</Filter>
    </ClInclude>
    <ClInclude Include="include\globallock.h">
      <Filter>Header Files</Filter>
    </ClInclude>
    <ClInclude Include="include\htmldocument2ptr.h">
      <Filter>Header Files</Filter>
    </ClInclude>
    <ClInclude Include="include\htmldocument3ptr.h">
      <Filter>Header Files</Filter>
    </ClInclude>
    <ClInclude Include="include\htmlelementcollectionptr.h">
      <Filter>Header Files</Filter>
    </ClInclude>
    <ClInclude Include="include\htmlelementptr.h">
      <Filter>Header Files</Filter>
    </ClInclude>
    <ClInclude Include="include\contextmenuimpl.h">
      <Filter>Header Files</Filter>
    </ClInclude>
    <ClInclude Include="include\contextmenuptr.h">
      <Filter>Header Files</Filter>
    </ClInclude>
    <ClInclude Include="include\ibrowserframeoptions.h">
      <Filter>Header Files</Filter>
    </ClInclude>
    <ClInclude Include="include\idldatacreatefromidarray.h">
      <Filter>Header Files</Filter>
    </ClInclude>
    <ClInclude Include="include\imagelistindex.h">
      <Filter>Header Files</Filter>
    </ClInclude>
    <ClInclude Include="include\htmlinputelementptr.h">
      <Filter>Header Files</Filter>
    </ClInclude>
    <ClInclude Include="include\infotipimpl.h">
      <Filter>Header Files</Filter>
    </ClInclude>
    <ClInclude Include="include\infotipptr.h">
      <Filter>Header Files</Filter>
    </ClInclude>
    <ClInclude Include="include\ishellfoldersearchable.h">
      <Filter>Header Files</Filter>
    </ClInclude>
    <ClInclude Include="include\ishellfoldersearchablecallback.h">
      <Filter>Header Files</Filter>
    </ClInclude>
    <ClInclude Include="include\ishellfolderviewtype.h">
      <Filter>Header Files</Filter>
    </ClInclude>
    <ClInclude Include="include\itembase.h">
      <Filter>Header Files</Filter>
    </ClInclude>
    <ClInclude Include="include\itemnamelimitsimpl.h">
      <Filter>Header Files</Filter>
    </ClInclude>
    <ClInclude Include="include\macros.h">
      <Filter>Header Files</Filter>
    </ClInclude>
    <ClInclude Include="include\menu.h">
      <Filter>Header Files</Filter>
    </ClInclude>
    <ClInclude Include="include\menuiteminfo.h">
      <Filter>Header Files</Filter>
    </ClInclude>
    <ClInclude Include="include\msfbase.h">
      <Filter>Header Files</Filter>
    </ClInclude>
    <ClInclude Include="include\olestring.h">
      <Filter>Header Files</Filter>
    </ClInclude>
    <ClInclude Include="include\performeddropeffectsink.h">
      <Filter>Header Files</Filter>
    </ClInclude>
    <ClInclude Include="include\persistfileptr.h">
      <Filter>Header Files</Filter>
    </ClInclude>
    <ClInclude Include="include\persistfolder2ptr.h">
      <Filter>Header Files</Filter>
    </ClInclude>
    <ClInclude Include="include\persistfolderptr.h">
      <Filter>Header Files</Filter>
    </ClInclude>
    <ClInclude Include="include\pidl.h">
      <Filter>Header Files</Filter>
    </ClInclude>
    <ClInclude Include="include\propertypageimpl.h">
      <Filter>Header Files</Filter>
    </ClInclude>
    <ClInclude Include="include\propertysheet.h">
      <Filter>Header Files</Filter>
    </ClInclude>
    <ClInclude Include="include\propsheethost.h">
      <Filter>Header Files</Filter>
    </ClInclude>
    <ClInclude Include="include\queryinfo.h">
      <Filter>Header Files</Filter>
    </ClInclude>
    <ClInclude Include="include\queryinfoimpl.h">
      <Filter>Header Files</Filter>
    </ClInclude>
    <ClInclude Include="include\queryinfoptr.h">
      <Filter>Header Files</Filter>
    </ClInclude>
    <ClInclude Include="include\sfvcreate.h">
      <Filter>Header Files</Filter>
    </ClInclude>
    <ClInclude Include="include\sfvmdefines.h">
      <Filter>Header Files</Filter>
    </ClInclude>
    <ClInclude Include="include\shellbrowserptr.h">
      <Filter>Header Files</Filter>
    </ClInclude>
    <ClInclude Include="include\shellextinitimpl.h">
      <Filter>Header Files</Filter>
    </ClInclude>
    <ClInclude Include="include\shellextinitptr.h">
      <Filter>Header Files</Filter>
    </ClInclude>
    <ClInclude Include="include\shellfolder2ptr.h">
      <Filter>Header Files</Filter>
    </ClInclude>
    <ClInclude Include="include\shellfoldercontextmenu.h">
      <Filter>Header Files</Filter>
    </ClInclude>
    <ClInclude Include="include\shellfolderdataobjectimpl.h">
      <Filter>Header Files</Filter>
    </ClInclude>
    <ClInclude Include="include\shellfolderimpl.h">
      <Filter>Header Files</Filter>
    </ClInclude>
    <ClInclude Include="include\shellfolderviewcbimpl.h">
      <Filter>Header Files</Filter>
    </ClInclude>
    <ClInclude Include="include\shellfolderptr.h">
      <Filter>Header Files</Filter>
    </ClInclude>
    <ClInclude Include="include\shellitemid.h">
      <Filter>Header Files</Filter>
    </ClInclude>
    <ClInclude Include="include\shellpropsheetextimpl.h">
      <Filter>Header Files</Filter>
    </ClInclude>
    <ClInclude Include="include\shellpropsheetextptr.h">
      <Filter>Header Files</Filter>
    </ClInclude>
    <ClInclude Include="include\shelluuids.h">
      <Filter>Header Files</Filter>
    </ClInclude>
    <ClInclude Include="include\shellviewptr.h">
      <Filter>Header Files</Filter>
    </ClInclude>
    <ClInclude Include="include\shlobjhidden.h">
      <Filter>Header Files</Filter>
    </ClInclude>
    <ClInclude Include="include\smallbitmaphandler.h">
      <Filter>Header Files</Filter>
    </ClInclude>
    <ClInclude Include="include\stgmedium.h">
      <Filter>Header Files</Filter>
    </ClInclude>
    <ClInclude Include="include\strutil.h">
      <Filter>Header Files</Filter>
    </ClInclude>
    <ClInclude Include="include\taskband.h">
      <Filter>Header Files</Filter>
    </ClInclude>
    <ClInclude Include="include\testrunner.h">
      <Filter>Header Files</Filter>
    </ClInclude>
    <ClInclude Include="include\testutil.h">
      <Filter>Header Files</Filter>
    </ClInclude>
    <ClInclude Include="include\updateregistry.h">
      <Filter>Header Files</Filter>
    </ClInclude>
    <ClInclude Include="include\util.h">
      <Filter>Header Files</Filter>
    </ClInclude>
    <ClInclude Include="include\version.h">
      <Filter>Header Files</Filter>
    </ClInclude>
    <ClInclude Include="include\webbrowser2ptr.h">
      <Filter>Header Files</Filter>
    </ClInclude>
    <ClInclude Include="include\itopviewawareitem.h">
      <Filter>Header Files</Filter>
    </ClInclude>
    <ClInclude Include="include\ifoldertype.h">
      <Filter>Header Files</Filter>
    </ClInclude>
    <ClInclude Include="include\ishellfolder3.h">
      <Filter>Header Files</Filter>
    </ClInclude>
    <ClInclude Include="include\iframelayoutdefinition.h">
      <Filter>Header Files</Filter>
    </ClInclude>
  </ItemGroup>
  <ItemGroup>
    <Library Include="include\shell32missing.lib" />
  </ItemGroup>
  <ItemGroup>
    <Filter Include="Header Files">
      <UniqueIdentifier>{497b5946-931d-4c48-907b-5bbc69a77ced}</UniqueIdentifier>
    </Filter>
  </ItemGroup>
</Project>