
Microsoft Visual Studio Solution File, Format Version 11.00
# Visual Studio 2010
Project("{8BC9CEB8-8B4A-11D0-8D11-00A0C91BC942}") = "msf", "msf_vc110.vcxproj", "{1F4F16F7-B27A-4C0E-AEE5-CA856C28C6D7}"
EndProject
Project("{8BC9CEB8-8B4A-11D0-8D11-00A0C91BC942}") = "sample", "vvvsample\sample_vc110.vcxproj", "{4F99D866-93BF-4731-9031-2D783763AB53}"
EndProject
Project("{8BC9CEB8-8B4A-11D0-8D11-00A0C91BC942}") = "start", "start\start_vc100.vcxproj", "{03B43A34-AED0-4C75-A88C-E0D6DD95BAB9}"
EndProject
Project("{8BC9CEB8-8B4A-11D0-8D11-00A0C91BC942}") = "bhosample", "bhosample\bhosample_vc100.vcxproj", "{176A10BA-B88A-4164-9DE1-DC116088316A}"
EndProject
Global
	GlobalSection(TeamFoundationVersionControl) = preSolution
		SccNumberOfProjects = 5
		SccEnterpriseProvider = {4CA58AB2-18FA-4F8D-95D4-32DDF27D184C}
		SccTeamFoundationServer = https://tfs.codeplex.com/tfs/tfs02
		SccLocalPath0 = .
		SccProjectUniqueName1 = msf_vc100.vcxproj
		SccLocalPath1 = .
		SccProjectUniqueName2 = vvvsample\\sample_vc100.vcxproj
		SccProjectName2 = vvvsample
		SccLocalPath2 = vvvsample
		SccProjectUniqueName3 = start\\start_vc100.vcxproj
		SccProjectName3 = start
		SccLocalPath3 = start
		SccProjectUniqueName4 = bhosample\\bhosample_vc100.vcxproj
		SccProjectName4 = bhosample
		SccLocalPath4 = bhosample
	EndGlobalSection
	GlobalSection(SolutionConfigurationPlatforms) = preSolution
		Checked|Win32 = Checked|Win32
		Debug|Win32 = Debug|Win32
		Release|Win32 = Release|Win32
	EndGlobalSection
	GlobalSection(ProjectConfigurationPlatforms) = postSolution
		{1F4F16F7-B27A-4C0E-AEE5-CA856C28C6D7}.Checked|Win32.ActiveCfg = Checked|Win32
		{1F4F16F7-B27A-4C0E-AEE5-CA856C28C6D7}.Checked|Win32.Build.0 = Checked|Win32
		{1F4F16F7-B27A-4C0E-AEE5-CA856C28C6D7}.Debug|Win32.ActiveCfg = Debug|Win32
		{1F4F16F7-B27A-4C0E-AEE5-CA856C28C6D7}.Debug|Win32.Build.0 = Debug|Win32
		{1F4F16F7-B27A-4C0E-AEE5-CA856C28C6D7}.Release|Win32.ActiveCfg = Release|Win32
		{1F4F16F7-B27A-4C0E-AEE5-CA856C28C6D7}.Release|Win32.Build.0 = Release|Win32
		{4F99D866-93BF-4731-9031-2D783763AB53}.Checked|Win32.ActiveCfg = Checked|Win32
		{4F99D866-93BF-4731-9031-2D783763AB53}.Checked|Win32.Build.0 = Checked|Win32
		{4F99D866-93BF-4731-9031-2D783763AB53}.Debug|Win32.ActiveCfg = Debug|Win32
		{4F99D866-93BF-4731-9031-2D783763AB53}.Debug|Win32.Build.0 = Debug|Win32
		{4F99D866-93BF-4731-9031-2D783763AB53}.Release|Win32.ActiveCfg = Release|Win32
		{4F99D866-93BF-4731-9031-2D783763AB53}.Release|Win32.Build.0 = Release|Win32
		{03B43A34-AED0-4C75-A88C-E0D6DD95BAB9}.Checked|Win32.ActiveCfg = Checked|Win32
		{03B43A34-AED0-4C75-A88C-E0D6DD95BAB9}.Checked|Win32.Build.0 = Checked|Win32
		{03B43A34-AED0-4C75-A88C-E0D6DD95BAB9}.Debug|Win32.ActiveCfg = Debug|Win32
		{03B43A34-AED0-4C75-A88C-E0D6DD95BAB9}.Debug|Win32.Build.0 = Debug|Win32
		{03B43A34-AED0-4C75-A88C-E0D6DD95BAB9}.Release|Win32.ActiveCfg = Release|Win32
		{03B43A34-AED0-4C75-A88C-E0D6DD95BAB9}.Release|Win32.Build.0 = Release|Win32
		{176A10BA-B88A-4164-9DE1-DC116088316A}.Checked|Win32.ActiveCfg = Checked|Win32
		{176A10BA-B88A-4164-9DE1-DC116088316A}.Checked|Win32.Build.0 = Checked|Win32
		{176A10BA-B88A-4164-9DE1-DC116088316A}.Debug|Win32.ActiveCfg = Debug|Win32
		{176A10BA-B88A-4164-9DE1-DC116088316A}.Debug|Win32.Build.0 = Debug|Win32
		{176A10BA-B88A-4164-9DE1-DC116088316A}.Release|Win32.ActiveCfg = Release|Win32
		{176A10BA-B88A-4164-9DE1-DC116088316A}.Release|Win32.Build.0 = Release|Win32
	EndGlobalSection
	GlobalSection(SolutionProperties) = preSolution
		HideSolutionNode = FALSE
	EndGlobalSection
EndGlobal
