
Microsoft Visual Studio Solution File, Format Version 12.00
# Visual Studio 11
Project("{8BC9CEB8-8B4A-11D0-8D11-00A0C91BC942}") = "msf", "msf_vc110.vcxproj", "{1F4F16F7-B27A-4C0E-AEE5-CA856C28C6D7}"
EndProject
Project("{8BC9CEB8-8B4A-11D0-8D11-00A0C91BC942}") = "sample", "vvvsample\sample_vc110.vcxproj", "{4F99D866-93BF-4731-9031-2D783763AB53}"
EndProject
Project("{8BC9CEB8-8B4A-11D0-8D11-00A0C91BC942}") = "start", "start\start_vc100.vcxproj", "{03B43A34-AED0-4C75-A88C-E0D6DD95BAB9}"
EndProject
Project("{8BC9CEB8-8B4A-11D0-8D11-00A0C91BC942}") = "bhosample", "bhosample\bhosample_vc100.vcxproj", "{176A10BA-B88A-4164-9DE1-DC116088316A}"
EndProject
Global
	GlobalSection(TeamFoundationVersionControl) = preSolution
		SccEnterpriseProvider = {4CA58AB2-18FA-4F8D-95D4-32DDF27D184C}
		SccLocalPath0 = .
		SccLocalPath1 = start
		SccLocalPath2 = bhosample
		SccLocalPath3 = .
		SccLocalPath4 = vvvsample
		SccNumberOfProjects = 5
		SccProjectName1 = start
		SccProjectName2 = bhosample
		SccProjectName4 = vvvsample
		SccProjectUniqueName1 = start\\start_vc100.vcxproj
		SccProjectUniqueName2 = bhosample\\bhosample_vc100.vcxproj
		SccProjectUniqueName3 = msf_vc110.vcxproj
		SccProjectUniqueName4 = vvvsample\\sample_vc110.vcxproj
		SccTeamFoundationServer = https://tfs.codeplex.com/tfs/tfs02
	EndGlobalSection
	GlobalSection(SolutionConfigurationPlatforms) = preSolution
		Checked|Win32 = Checked|Win32
		Checked|x64 = Checked|x64
		Debug|Win32 = Debug|Win32
		Debug|x64 = Debug|x64
		Release|Win32 = Release|Win32
		Release|x64 = Release|x64
	EndGlobalSection
	GlobalSection(ProjectConfigurationPlatforms) = postSolution
		{03B43A34-AED0-4C75-A88C-E0D6DD95BAB9}.Checked|Win32.ActiveCfg = Checked|Win32
		{03B43A34-AED0-4C75-A88C-E0D6DD95BAB9}.Checked|Win32.Build.0 = Checked|Win32
		{03B43A34-AED0-4C75-A88C-E0D6DD95BAB9}.Checked|x64.ActiveCfg = Checked|Win32
		{03B43A34-AED0-4C75-A88C-E0D6DD95BAB9}.Debug|Win32.ActiveCfg = Debug|Win32
		{03B43A34-AED0-4C75-A88C-E0D6DD95BAB9}.Debug|Win32.Build.0 = Debug|Win32
		{03B43A34-AED0-4C75-A88C-E0D6DD95BAB9}.Debug|x64.ActiveCfg = Debug|Win32
		{03B43A34-AED0-4C75-A88C-E0D6DD95BAB9}.Release|Win32.ActiveCfg = Release|Win32
		{03B43A34-AED0-4C75-A88C-E0D6DD95BAB9}.Release|Win32.Build.0 = Release|Win32
		{03B43A34-AED0-4C75-A88C-E0D6DD95BAB9}.Release|x64.ActiveCfg = Release|Win32
		{176A10BA-B88A-4164-9DE1-DC116088316A}.Checked|Win32.ActiveCfg = Checked|Win32
		{176A10BA-B88A-4164-9DE1-DC116088316A}.Checked|Win32.Build.0 = Checked|Win32
		{176A10BA-B88A-4164-9DE1-DC116088316A}.Checked|x64.ActiveCfg = Checked|Win32
		{176A10BA-B88A-4164-9DE1-DC116088316A}.Debug|Win32.ActiveCfg = Debug|Win32
		{176A10BA-B88A-4164-9DE1-DC116088316A}.Debug|Win32.Build.0 = Debug|Win32
		{176A10BA-B88A-4164-9DE1-DC116088316A}.Debug|x64.ActiveCfg = Debug|Win32
		{176A10BA-B88A-4164-9DE1-DC116088316A}.Release|Win32.ActiveCfg = Release|Win32
		{176A10BA-B88A-4164-9DE1-DC116088316A}.Release|Win32.Build.0 = Release|Win32
		{176A10BA-B88A-4164-9DE1-DC116088316A}.Release|x64.ActiveCfg = Release|Win32
		{1F4F16F7-B27A-4C0E-AEE5-CA856C28C6D7}.Checked|Win32.ActiveCfg = Checked|Win32
		{1F4F16F7-B27A-4C0E-AEE5-CA856C28C6D7}.Checked|Win32.Build.0 = Checked|Win32
		{1F4F16F7-B27A-4C0E-AEE5-CA856C28C6D7}.Checked|x64.ActiveCfg = Checked|x64
		{1F4F16F7-B27A-4C0E-AEE5-CA856C28C6D7}.Checked|x64.Build.0 = Checked|x64
		{1F4F16F7-B27A-4C0E-AEE5-CA856C28C6D7}.Debug|Win32.ActiveCfg = Debug|Win32
		{1F4F16F7-B27A-4C0E-AEE5-CA856C28C6D7}.Debug|Win32.Build.0 = Debug|Win32
		{1F4F16F7-B27A-4C0E-AEE5-CA856C28C6D7}.Debug|x64.ActiveCfg = Debug|x64
		{1F4F16F7-B27A-4C0E-AEE5-CA856C28C6D7}.Debug|x64.Build.0 = Debug|x64
		{1F4F16F7-B27A-4C0E-AEE5-CA856C28C6D7}.Release|Win32.ActiveCfg = Release|Win32
		{1F4F16F7-B27A-4C0E-AEE5-CA856C28C6D7}.Release|Win32.Build.0 = Release|Win32
		{1F4F16F7-B27A-4C0E-AEE5-CA856C28C6D7}.Release|x64.ActiveCfg = Release|x64
		{1F4F16F7-B27A-4C0E-AEE5-CA856C28C6D7}.Release|x64.Build.0 = Release|x64
		{4F99D866-93BF-4731-9031-2D783763AB53}.Checked|Win32.ActiveCfg = Checked|Win32
		{4F99D866-93BF-4731-9031-2D783763AB53}.Checked|Win32.Build.0 = Checked|Win32
		{4F99D866-93BF-4731-9031-2D783763AB53}.Checked|x64.ActiveCfg = Checked|x64
		{4F99D866-93BF-4731-9031-2D783763AB53}.Checked|x64.Build.0 = Checked|x64
		{4F99D866-93BF-4731-9031-2D783763AB53}.Debug|Win32.ActiveCfg = Debug|Win32
		{4F99D866-93BF-4731-9031-2D783763AB53}.Debug|Win32.Build.0 = Debug|Win32
		{4F99D866-93BF-4731-9031-2D783763AB53}.Debug|x64.ActiveCfg = Debug|x64
		{4F99D866-93BF-4731-9031-2D783763AB53}.Debug|x64.Build.0 = Debug|x64
		{4F99D866-93BF-4731-9031-2D783763AB53}.Release|Win32.ActiveCfg = Release|Win32
		{4F99D866-93BF-4731-9031-2D783763AB53}.Release|Win32.Build.0 = Release|Win32
		{4F99D866-93BF-4731-9031-2D783763AB53}.Release|x64.ActiveCfg = Release|x64
		{4F99D866-93BF-4731-9031-2D783763AB53}.Release|x64.Build.0 = Release|x64
	EndGlobalSection
	GlobalSection(SolutionProperties) = preSolution
		HideSolutionNode = FALSE
	EndGlobalSection
EndGlobal
