<?xml version="1.0" encoding="utf-8"?>
<Project ToolsVersion="4.0" xmlns="http://schemas.microsoft.com/developer/msbuild/2003">
  <ItemGroup>
    <Filter Include="Source Files">
      <UniqueIdentifier>{4FC737F1-C7A5-4376-A066-2A32D752A2FF}</UniqueIdentifier>
      <Extensions>cpp;c;cxx;def;odl;idl;hpj;bat;asm;asmx</Extensions>
    </Filter>
    <Filter Include="Header Files">
      <UniqueIdentifier>{93995380-89BD-4b04-88EB-625FBE52EBFB}</UniqueIdentifier>
      <Extensions>h;hpp;hxx;hm;inl;inc;xsd</Extensions>
    </Filter>
    <Filter Include="Data Files">
      <UniqueIdentifier>{01c2033d-73df-4dde-9579-6139e30f5df2}</UniqueIdentifier>
    </Filter>
  </ItemGroup>
  <ItemGroup>
    <ClCompile Include="main.cpp">
      <Filter>Source Files</Filter>
    </ClCompile>
    <ClCompile Include="stdafx.cpp">
      <Filter>Source Files</Filter>
    </ClCompile>
    <ClCompile Include="testcolumnprovider.cpp">
      <Filter>Source Files</Filter>
    </ClCompile>
    <ClCompile Include="testcom.cpp">
      <Filter>Source Files</Filter>
    </ClCompile>
    <ClCompile Include="testcontextmenu.cpp">
      <Filter>Source Files</Filter>
    </ClCompile>
    <ClCompile Include="testinfotip.cpp">
      <Filter>Source Files</Filter>
    </ClCompile>
    <ClCompile Include="testpropsheetext.cpp">
      <Filter>Source Files</Filter>
    </ClCompile>
    <ClCompile Include="testshellfolder.cpp">
      <Filter>Source Files</Filter>
    </ClCompile>
  </ItemGroup>
  <ItemGroup>
    <ClInclude Include="module.h">
      <Filter>Header Files</Filter>
    </ClInclude>
    <ClInclude Include="stdafx.h">
      <Filter>Header Files</Filter>
    </ClInclude>
    <ClInclude Include="testcolumnprovider.h">
      <Filter>Header Files</Filter>
    </ClInclude>
    <ClInclude Include="testcom.h">
      <Filter>Header Files</Filter>
    </ClInclude>
    <ClInclude Include="testcontextmenu.h">
      <Filter>Header Files</Filter>
    </ClInclude>
    <ClInclude Include="testinfotip.h">
      <Filter>Header Files</Filter>
    </ClInclude>
    <ClInclude Include="testpropsheetext.h">
      <Filter>Header Files</Filter>
    </ClInclude>
    <ClInclude Include="testshellfolder.h">
      <Filter>Header Files</Filter>
    </ClInclude>
  </ItemGroup>
  <ItemGroup>
    <CustomBuild Include="sample.yyy">
      <Filter>Data Files</Filter>
    </CustomBuild>
    <CustomBuild Include="sample1.vvv">
      <Filter>Data Files</Filter>
    </CustomBuild>
    <CustomBuild Include="sample2.vvv">
      <Filter>Data Files</Filter>
    </CustomBuild>
  </ItemGroup>
</Project>