<?xml version="1.0" encoding="utf-8"?>
<Project ToolsVersion="4.0" xmlns="http://schemas.microsoft.com/developer/msbuild/2003">
  <ItemGroup>
    <CustomBuild Include="include\shell32missing.def" />
  </ItemGroup>
  <ItemGroup>
    <None Include="readme.txt" />
    <None Include="Undocumented Shell Interfaces.reg" />
    <None Include="Undocumented Shell Interfaces Windows 8.reg" />
    <None Include="include\browserhelperobject.rgs">
      <Filter>Registry Scripts</Filter>
    </None>
    <None Include="include\columnprovider.rgs">
      <Filter>Registry Scripts</Filter>
    </None>
    <None Include="include\contextmenu.rgs">
      <Filter>Registry Scripts</Filter>
    </None>
    <None Include="include\contextmenu_sf.rgs">
      <Filter>Registry Scripts</Filter>
    </None>
    <None Include="include\copyhookfolder.rgs">
      <Filter>Registry Scripts</Filter>
    </None>
    <None Include="include\extension.rgs">
      <Filter>Registry Scripts</Filter>
    </None>
    <None Include="include\extractimage_sf.rgs">
      <Filter>Registry Scripts</Filter>
    </None>
    <None Include="include\infotip.rgs">
      <Filter>Registry Scripts</Filter>
    </None>
    <None Include="include\infotip_sf.rgs">
      <Filter>Registry Scripts</Filter>
    </None>
    <None Include="include\propertysheetext.rgs">
      <Filter>Registry Scripts</Filter>
    </None>
    <None Include="include\propertysheetext_sf.rgs">
      <Filter>Registry Scripts</Filter>
    </None>
    <None Include="include\shellfolder.rgs">
      <Filter>Registry Scripts</Filter>
    </None>
    <None Include="include\shellfoldervista.rgs">
      <Filter>Registry Scripts</Filter>
    </None>
    <None Include="include\shellfolderwin98.rgs">
      <Filter>Registry Scripts</Filter>
    </None>
  </ItemGroup>
  <ItemGroup>
    <ClInclude Include="include\msfbase.h">
      <Filter>Header Files</Filter>
    </ClInclude>
    <ClInclude Include="include\smartptr\browserframeoptionsptr.h">
      <Filter>Header Files\Smart Pointers</Filter>
    </ClInclude>
    <ClInclude Include="include\smartptr\columnproviderptr.h">
      <Filter>Header Files\Smart Pointers</Filter>
    </ClInclude>
    <ClInclude Include="include\smartptr\contextmenuptr.h">
      <Filter>Header Files\Smart Pointers</Filter>
    </ClInclude>
    <ClInclude Include="include\smartptr\dataobjectptr.h">
      <Filter>Header Files\Smart Pointers</Filter>
    </ClInclude>
    <ClInclude Include="include\smartptr\enumformatetcptr.h">
      <Filter>Header Files\Smart Pointers</Filter>
    </ClInclude>
    <ClInclude Include="include\smartptr\enumidlistptr.h">
      <Filter>Header Files\Smart Pointers</Filter>
    </ClInclude>
    <ClInclude Include="include\smartptr\htmldocument2ptr.h">
      <Filter>Header Files\Smart Pointers</Filter>
    </ClInclude>
    <ClInclude Include="include\smartptr\htmldocument3ptr.h">
      <Filter>Header Files\Smart Pointers</Filter>
    </ClInclude>
    <ClInclude Include="include\smartptr\htmlelementcollectionptr.h">
      <Filter>Header Files\Smart Pointers</Filter>
    </ClInclude>
    <ClInclude Include="include\smartptr\htmlelementptr.h">
      <Filter>Header Files\Smart Pointers</Filter>
    </ClInclude>
    <ClInclude Include="include\smartptr\htmlinputelementptr.h">
      <Filter>Header Files\Smart Pointers</Filter>
    </ClInclude>
    <ClInclude Include="include\smartptr\infotipptr.h">
      <Filter>Header Files\Smart Pointers</Filter>
    </ClInclude>
    <ClInclude Include="include\smartptr\persistfileptr.h">
      <Filter>Header Files\Smart Pointers</Filter>
    </ClInclude>
    <ClInclude Include="include\smartptr\persistfolder2ptr.h">
      <Filter>Header Files\Smart Pointers</Filter>
    </ClInclude>
    <ClInclude Include="include\smartptr\persistfolderptr.h">
      <Filter>Header Files\Smart Pointers</Filter>
    </ClInclude>
    <ClInclude Include="include\smartptr\queryinfoptr.h">
      <Filter>Header Files\Smart Pointers</Filter>
    </ClInclude>
    <ClInclude Include="include\smartptr\shellbrowserptr.h">
      <Filter>Header Files\Smart Pointers</Filter>
    </ClInclude>
    <ClInclude Include="include\smartptr\shellextinitptr.h">
      <Filter>Header Files\Smart Pointers</Filter>
    </ClInclude>
    <ClInclude Include="include\smartptr\shellfolder2ptr.h">
      <Filter>Header Files\Smart Pointers</Filter>
    </ClInclude>
    <ClInclude Include="include\smartptr\shellfolderptr.h">
      <Filter>Header Files\Smart Pointers</Filter>
    </ClInclude>
    <ClInclude Include="include\smartptr\shellpropsheetextptr.h">
      <Filter>Header Files\Smart Pointers</Filter>
    </ClInclude>
    <ClInclude Include="include\smartptr\shellviewptr.h">
      <Filter>Header Files\Smart Pointers</Filter>
    </ClInclude>
    <ClInclude Include="include\smartptr\webbrowser2ptr.h">
      <Filter>Header Files\Smart Pointers</Filter>
    </ClInclude>
    <ClInclude Include="include\browserframeoptionsimpl.h">
      <Filter>Header Files\Impl</Filter>
    </ClInclude>
    <ClInclude Include="include\browserhelperobjectimpl.h">
      <Filter>Header Files\Impl</Filter>
    </ClInclude>
    <ClInclude Include="include\clipboarddataobjectimpl.h">
      <Filter>Header Files\Impl</Filter>
    </ClInclude>
    <ClInclude Include="include\propertypageimpl.h">
      <Filter>Header Files\Impl</Filter>
    </ClInclude>
    <ClInclude Include="include\shellfolderdataobjectimpl.h">
      <Filter>Header Files\Impl</Filter>
    </ClInclude>
    <ClInclude Include="include\shellextinitimpl.h">
      <Filter>Header Files\Impl</Filter>
    </ClInclude>
    <ClInclude Include="include\queryinfoimpl.h">
      <Filter>Header Files\Impl</Filter>
    </ClInclude>
    <ClInclude Include="include\contextmenuimpl.h">
      <Filter>Header Files\Impl</Filter>
    </ClInclude>
    <ClInclude Include="include\extractimageimpl.h">
      <Filter>Header Files\Impl</Filter>
    </ClInclude>
    <ClInclude Include="include\itemnamelimitsimpl.h">
      <Filter>Header Files\Impl</Filter>
    </ClInclude>
    <ClInclude Include="include\shellfolderimpl.h">
      <Filter>Header Files\Impl</Filter>
    </ClInclude>
    <ClInclude Include="include\shellfolderviewcbimpl.h">
      <Filter>Header Files\Impl</Filter>
    </ClInclude>
    <ClInclude Include="include\shellpropsheetextimpl.h">
      <Filter>Header Files\Impl</Filter>
    </ClInclude>
    <ClInclude Include="include\catchhandler.h">
      <Filter>Header Files\Support</Filter>
    </ClInclude>
    <ClInclude Include="include\cfeffect.h">
      <Filter>Header Files\Support</Filter>
    </ClInclude>
    <ClInclude Include="include\cfhandler.h">
      <Filter>Header Files\Support</Filter>
    </ClInclude>
    <ClInclude Include="include\cfhdrop.h">
      <Filter>Header Files\Support</Filter>
    </ClInclude>
    <ClInclude Include="include\cfpastesucceeded.h">
      <Filter>Header Files\Support</Filter>
    </ClInclude>
    <ClInclude Include="include\cfperformeddropeffect.h">
      <Filter>Header Files\Support</Filter>
    </ClInclude>
    <ClInclude Include="include\cfperformeddropeffecthandler.h">
      <Filter>Header Files\Support</Filter>
    </ClInclude>
    <ClInclude Include="include\cfpreferreddropeffect.h">
      <Filter>Header Files\Support</Filter>
    </ClInclude>
    <ClInclude Include="include\cfshellidlist.h">
      <Filter>Header Files\Support</Filter>
    </ClInclude>
    <ClInclude Include="include\cfshellidlisthandler.h">
      <Filter>Header Files\Support</Filter>
    </ClInclude>
    <ClInclude Include="include\cftargetclsid.h">
      <Filter>Header Files\Support</Filter>
    </ClInclude>
    <ClInclude Include="include\coinitialize.h">
      <Filter>Header Files\Support</Filter>
    </ClInclude>
    <ClInclude Include="include\contextcommand.h">
      <Filter>Header Files\Support</Filter>
    </ClInclude>
    <ClInclude Include="include\copyhookimpl.h">
      <Filter>Header Files\Support</Filter>
    </ClInclude>
    <ClInclude Include="include\custommenuhandler.h">
      <Filter>Header Files\Support</Filter>
    </ClInclude>
    <ClInclude Include="include\dfmdefines.h">
      <Filter>Header Files\Support</Filter>
    </ClInclude>
    <ClInclude Include="include\enumformatetc.h">
      <Filter>Header Files\Support</Filter>
    </ClInclude>
    <ClInclude Include="include\enumidlistimpl.h">
      <Filter>Header Files\Support</Filter>
    </ClInclude>
    <ClInclude Include="include\extracticon.h">
      <Filter>Header Files\Support</Filter>
    </ClInclude>
    <ClInclude Include="include\filelist.h">
      <Filter>Header Files\Support</Filter>
    </ClInclude>
    <ClInclude Include="include\formatetc.h">
      <Filter>Header Files\Support</Filter>
    </ClInclude>
    <ClInclude Include="include\globallock.h">
      <Filter>Header Files\Support</Filter>
    </ClInclude>
    <ClInclude Include="include\idldatacreatefromidarray.h">
      <Filter>Header Files\Support</Filter>
    </ClInclude>
    <ClInclude Include="include\ifoldertype.h">
      <Filter>Header Files\Support</Filter>
    </ClInclude>
    <ClInclude Include="include\iframelayoutdefinition.h">
      <Filter>Header Files\Support</Filter>
    </ClInclude>
    <ClInclude Include="include\imagelistindex.h">
      <Filter>Header Files\Support</Filter>
    </ClInclude>
    <ClInclude Include="include\ishellfolder3.h">
      <Filter>Header Files\Support</Filter>
    </ClInclude>
    <ClInclude Include="include\ishellfoldersearchable.h">
      <Filter>Header Files\Support</Filter>
    </ClInclude>
    <ClInclude Include="include\ishellfoldersearchablecallback.h">
      <Filter>Header Files\Support</Filter>
    </ClInclude>
    <ClInclude Include="include\ishellfolderviewtype.h">
      <Filter>Header Files\Support</Filter>
    </ClInclude>
    <ClInclude Include="include\itembase.h">
      <Filter>Header Files\Support</Filter>
    </ClInclude>
    <ClInclude Include="include\itopviewawareitem.h">
      <Filter>Header Files\Support</Filter>
    </ClInclude>
    <ClInclude Include="include\macros.h">
      <Filter>Header Files\Support</Filter>
    </ClInclude>
    <ClInclude Include="include\menu.h">
      <Filter>Header Files\Support</Filter>
    </ClInclude>
    <ClInclude Include="include\menuiteminfo.h">
      <Filter>Header Files\Support</Filter>
    </ClInclude>
    <ClInclude Include="include\olestring.h">
      <Filter>Header Files\Support</Filter>
    </ClInclude>
    <ClInclude Include="include\performeddropeffectsink.h">
      <Filter>Header Files\Support</Filter>
    </ClInclude>
    <ClInclude Include="include\pidl.h">
      <Filter>Header Files\Support</Filter>
    </ClInclude>
    <ClInclude Include="include\propertysheet.h">
      <Filter>Header Files\Support</Filter>
    </ClInclude>
    <ClInclude Include="include\propsheethost.h">
      <Filter>Header Files\Support</Filter>
    </ClInclude>
    <ClInclude Include="include\queryinfo.h">
      <Filter>Header Files\Support</Filter>
    </ClInclude>
    <ClInclude Include="include\sfvcreate.h">
      <Filter>Header Files\Support</Filter>
    </ClInclude>
    <ClInclude Include="include\sfvmdefines.h">
      <Filter>Header Files\Support</Filter>
    </ClInclude>
    <ClInclude Include="include\shellfoldercontextmenu.h">
      <Filter>Header Files\Support</Filter>
    </ClInclude>
    <ClInclude Include="include\shellitemid.h">
      <Filter>Header Files\Support</Filter>
    </ClInclude>
    <ClInclude Include="include\shelluuids.h">
      <Filter>Header Files\Support</Filter>
    </ClInclude>
    <ClInclude Include="include\shlobjhidden.h">
      <Filter>Header Files\Support</Filter>
    </ClInclude>
    <ClInclude Include="include\smallbitmaphandler.h">
      <Filter>Header Files\Support</Filter>
    </ClInclude>
    <ClInclude Include="include\stgmedium.h">
      <Filter>Header Files\Support</Filter>
    </ClInclude>
    <ClInclude Include="include\strutil.h">
      <Filter>Header Files\Support</Filter>
    </ClInclude>
    <ClInclude Include="include\taskband.h">
      <Filter>Header Files\Support</Filter>
    </ClInclude>
    <ClInclude Include="include\testrunner.h">
      <Filter>Header Files\Support</Filter>
    </ClInclude>
    <ClInclude Include="include\testutil.h">
      <Filter>Header Files\Support</Filter>
    </ClInclude>
    <ClInclude Include="include\updateregistry.h">
      <Filter>Header Files\Support</Filter>
    </ClInclude>
    <ClInclude Include="include\util.h">
      <Filter>Header Files\Support</Filter>
    </ClInclude>
    <ClInclude Include="include\version.h">
      <Filter>Header Files\Support</Filter>
    </ClInclude>
    <ClInclude Include="include\shellviewimpl.h">
      <Filter>Header Files\Impl</Filter>
    </ClInclude>
    <ClInclude Include="include\infotipimpl.h">
      <Filter>Header Files\Impl</Filter>
    </ClInclude>
  </ItemGroup>
  <ItemGroup>
    <Library Include="include\shell32missing.lib" />
  </ItemGroup>
  <ItemGroup>
    <Filter Include="Header Files">
      <UniqueIdentifier>{497b5946-931d-4c48-907b-5bbc69a77ced}</UniqueIdentifier>
    </Filter>
    <Filter Include="Header Files\Smart Pointers">
      <UniqueIdentifier>{61b6ea8d-e3a8-4f46-b018-2cfa72922245}</UniqueIdentifier>
    </Filter>
    <Filter Include="Header Files\Impl">
      <UniqueIdentifier>{dccec6a9-702c-42ba-a230-5bb8b9d33d6f}</UniqueIdentifier>
    </Filter>
    <Filter Include="Header Files\Support">
      <UniqueIdentifier>{2c5bede3-539d-443f-8a40-7fca7c03df5a}</UniqueIdentifier>
    </Filter>
    <Filter Include="Registry Scripts">
      <UniqueIdentifier>{12a5172f-559b-4959-97c7-2e7cacc682fa}</UniqueIdentifier>
      <Extensions>*.rgs</Extensions>
    </Filter>
  </ItemGroup>
</Project>