
Microsoft Visual Studio Solution File, Format Version 12.00
# Visual Studio 14
VisualStudioVersion = 14.0.23107.0
MinimumVisualStudioVersion = 10.0.40219.1
Project("{8BC9CEB8-8B4A-11D0-8D11-00A0C91BC942}") = "msf", "msf_vc140.vcxproj", "{1F4F16F7-B27A-4C0E-AEE5-CA856C28C6D7}"
EndProject
Project("{8BC9CEB8-8B4A-11D0-8D11-00A0C91BC942}") = "sample", "vvvsample\sample_vc140.vcxproj", "{4F99D866-93BF-4731-9031-2D783763AB53}"
EndProject
Project("{8BC9CEB8-8B4A-11D0-8D11-00A0C91BC942}") = "test", "test\test_vc140\test_vc140.vcxproj", "{1DF37E2B-FBA7-4425-8FE6-A3CEE9944877}"
EndProject
Global
	GlobalSection(SolutionConfigurationPlatforms) = preSolution
		Checked|Win32 = Checked|Win32
		Checked|x64 = Checked|x64
		Debug|Win32 = Debug|Win32
		Debug|x64 = Debug|x64
		Release|Win32 = Release|Win32
		Release|x64 = Release|x64
	EndGlobalSection
	GlobalSection(ProjectConfigurationPlatforms) = postSolution
		{1F4F16F7-B27A-4C0E-AEE5-CA856C28C6D7}.Checked|Win32.ActiveCfg = Checked|Win32
		{1F4F16F7-B27A-4C0E-AEE5-CA856C28C6D7}.Checked|Win32.Build.0 = Checked|Win32
		{1F4F16F7-B27A-4C0E-AEE5-CA856C28C6D7}.Checked|x64.ActiveCfg = Checked|x64
		{1F4F16F7-B27A-4C0E-AEE5-CA856C28C6D7}.Checked|x64.Build.0 = Checked|x64
		{1F4F16F7-B27A-4C0E-AEE5-CA856C28C6D7}.Debug|Win32.ActiveCfg = Debug|Win32
		{1F4F16F7-B27A-4C0E-AEE5-CA856C28C6D7}.Debug|Win32.Build.0 = Debug|Win32
		{1F4F16F7-B27A-4C0E-AEE5-CA856C28C6D7}.Debug|x64.ActiveCfg = Debug|x64
		{1F4F16F7-B27A-4C0E-AEE5-CA856C28C6D7}.Debug|x64.Build.0 = Debug|x64
		{1F4F16F7-B27A-4C0E-AEE5-CA856C28C6D7}.Release|Win32.ActiveCfg = Release|Win32
		{1F4F16F7-B27A-4C0E-AEE5-CA856C28C6D7}.Release|Win32.Build.0 = Release|Win32
		{1F4F16F7-B27A-4C0E-AEE5-CA856C28C6D7}.Release|x64.ActiveCfg = Release|x64
		{1F4F16F7-B27A-4C0E-AEE5-CA856C28C6D7}.Release|x64.Build.0 = Release|x64
		{4F99D866-93BF-4731-9031-2D783763AB53}.Checked|Win32.ActiveCfg = Checked|Win32
		{4F99D866-93BF-4731-9031-2D783763AB53}.Checked|Win32.Build.0 = Checked|Win32
		{4F99D866-93BF-4731-9031-2D783763AB53}.Checked|x64.ActiveCfg = Checked|x64
		{4F99D866-93BF-4731-9031-2D783763AB53}.Checked|x64.Build.0 = Checked|x64
		{4F99D866-93BF-4731-9031-2D783763AB53}.Debug|Win32.ActiveCfg = Debug|Win32
		{4F99D866-93BF-4731-9031-2D783763AB53}.Debug|Win32.Build.0 = Debug|Win32
		{4F99D866-93BF-4731-9031-2D783763AB53}.Debug|x64.ActiveCfg = Debug|x64
		{4F99D866-93BF-4731-9031-2D783763AB53}.Debug|x64.Build.0 = Debug|x64
		{4F99D866-93BF-4731-9031-2D783763AB53}.Release|Win32.ActiveCfg = Release|Win32
		{4F99D866-93BF-4731-9031-2D783763AB53}.Release|Win32.Build.0 = Release|Win32
		{4F99D866-93BF-4731-9031-2D783763AB53}.Release|x64.ActiveCfg = Release|x64
		{4F99D866-93BF-4731-9031-2D783763AB53}.Release|x64.Build.0 = Release|x64
		{1DF37E2B-FBA7-4425-8FE6-A3CEE9944877}.Checked|Win32.ActiveCfg = Release|Win32
		{1DF37E2B-FBA7-4425-8FE6-A3CEE9944877}.Checked|Win32.Build.0 = Release|Win32
		{1DF37E2B-FBA7-4425-8FE6-A3CEE9944877}.Checked|x64.ActiveCfg = Release|x64
		{1DF37E2B-FBA7-4425-8FE6-A3CEE9944877}.Checked|x64.Build.0 = Release|x64
		{1DF37E2B-FBA7-4425-8FE6-A3CEE9944877}.Debug|Win32.ActiveCfg = Debug|Win32
		{1DF37E2B-FBA7-4425-8FE6-A3CEE9944877}.Debug|Win32.Build.0 = Debug|Win32
		{1DF37E2B-FBA7-4425-8FE6-A3CEE9944877}.Debug|x64.ActiveCfg = Debug|x64
		{1DF37E2B-FBA7-4425-8FE6-A3CEE9944877}.Debug|x64.Build.0 = Debug|x64
		{1DF37E2B-FBA7-4425-8FE6-A3CEE9944877}.Release|Win32.ActiveCfg = Release|Win32
		{1DF37E2B-FBA7-4425-8FE6-A3CEE9944877}.Release|Win32.Build.0 = Release|Win32
		{1DF37E2B-FBA7-4425-8FE6-A3CEE9944877}.Release|x64.ActiveCfg = Release|x64
		{1DF37E2B-FBA7-4425-8FE6-A3CEE9944877}.Release|x64.Build.0 = Release|x64
	EndGlobalSection
	GlobalSection(SolutionProperties) = preSolution
		HideSolutionNode = FALSE
	EndGlobalSection
EndGlobal
