
Microsoft Visual Studio Solution File, Format Version 12.00
# Visual Studio 2013
VisualStudioVersion = 12.0.21005.1
MinimumVisualStudioVersion = 10.0.40219.1
Project("{8BC9CEB8-8B4A-11D0-8D11-00A0C91BC942}") = "msf", "msf_vc120.vcxproj", "{1F4F16F7-B27A-4C0E-AEE5-CA856C28C6D7}"
EndProject
Project("{8BC9CEB8-8B4A-11D0-8D11-00A0C91BC942}") = "sample", "vvvsample\sample_vc120.vcxproj", "{4F99D866-93BF-4731-9031-2D783763AB53}"
EndProject
Global
	GlobalSection(TeamFoundationVersionControl) = preSolution
		SccNumberOfProjects = 3
		SccEnterpriseProvider = {4CA58AB2-18FA-4F8D-95D4-32DDF27D184C}
		SccTeamFoundationServer = https://tfs.codeplex.com/tfs/tfs02
		SccLocalPath0 = .
		SccProjectUniqueName1 = msf_vc120.vcxproj
		SccLocalPath1 = .
		SccProjectUniqueName2 = vvvsample\\sample_vc120.vcxproj
		SccProjectName2 = vvvsample
		SccLocalPath2 = vvvsample
	EndGlobalSection
	GlobalSection(SolutionConfigurationPlatforms) = preSolution
		Checked|Win32 = Checked|Win32
		Checked|x64 = Checked|x64
		Debug|Win32 = Debug|Win32
		Debug|x64 = Debug|x64
		Release|Win32 = Release|Win32
		Release|x64 = Release|x64
	EndGlobalSection
	GlobalSection(ProjectConfigurationPlatforms) = postSolution
		{1F4F16F7-B27A-4C0E-AEE5-CA856C28C6D7}.Checked|Win32.ActiveCfg = Checked|Win32
		{1F4F16F7-B27A-4C0E-AEE5-CA856C28C6D7}.Checked|Win32.Build.0 = Checked|Win32
		{1F4F16F7-B27A-4C0E-AEE5-CA856C28C6D7}.Checked|x64.ActiveCfg = Checked|x64
		{1F4F16F7-B27A-4C0E-AEE5-CA856C28C6D7}.Checked|x64.Build.0 = Checked|x64
		{1F4F16F7-B27A-4C0E-AEE5-CA856C28C6D7}.Debug|Win32.ActiveCfg = Debug|Win32
		{1F4F16F7-B27A-4C0E-AEE5-CA856C28C6D7}.Debug|Win32.Build.0 = Debug|Win32
		{1F4F16F7-B27A-4C0E-AEE5-CA856C28C6D7}.Debug|x64.ActiveCfg = Debug|x64
		{1F4F16F7-B27A-4C0E-AEE5-CA856C28C6D7}.Debug|x64.Build.0 = Debug|x64
		{1F4F16F7-B27A-4C0E-AEE5-CA856C28C6D7}.Release|Win32.ActiveCfg = Release|Win32
		{1F4F16F7-B27A-4C0E-AEE5-CA856C28C6D7}.Release|Win32.Build.0 = Release|Win32
		{1F4F16F7-B27A-4C0E-AEE5-CA856C28C6D7}.Release|x64.ActiveCfg = Release|x64
		{1F4F16F7-B27A-4C0E-AEE5-CA856C28C6D7}.Release|x64.Build.0 = Release|x64
		{4F99D866-93BF-4731-9031-2D783763AB53}.Checked|Win32.ActiveCfg = Checked|Win32
		{4F99D866-93BF-4731-9031-2D783763AB53}.Checked|Win32.Build.0 = Checked|Win32
		{4F99D866-93BF-4731-9031-2D783763AB53}.Checked|x64.ActiveCfg = Checked|x64
		{4F99D866-93BF-4731-9031-2D783763AB53}.Checked|x64.Build.0 = Checked|x64
		{4F99D866-93BF-4731-9031-2D783763AB53}.Debug|Win32.ActiveCfg = Debug|Win32
		{4F99D866-93BF-4731-9031-2D783763AB53}.Debug|Win32.Build.0 = Debug|Win32
		{4F99D866-93BF-4731-9031-2D783763AB53}.Debug|x64.ActiveCfg = Debug|x64
		{4F99D866-93BF-4731-9031-2D783763AB53}.Debug|x64.Build.0 = Debug|x64
		{4F99D866-93BF-4731-9031-2D783763AB53}.Release|Win32.ActiveCfg = Release|Win32
		{4F99D866-93BF-4731-9031-2D783763AB53}.Release|Win32.Build.0 = Release|Win32
		{4F99D866-93BF-4731-9031-2D783763AB53}.Release|x64.ActiveCfg = Release|x64
		{4F99D866-93BF-4731-9031-2D783763AB53}.Release|x64.Build.0 = Release|x64
	EndGlobalSection
	GlobalSection(SolutionProperties) = preSolution
		HideSolutionNode = FALSE
	EndGlobalSection
EndGlobal
